PODS:
  - FBSnapshotTestCase (2.1.4):
    - FBSnapshotTestCase/SwiftSupport (= 2.1.4)
  - FBSnapshotTestCase/Core (2.1.4)
  - FBSnapshotTestCase/SwiftSupport (2.1.4):
    - FBSnapshotTestCase/Core
  - LSSTitleSlider (0.1.2)

DEPENDENCIES:
  - FBSnapshotTestCase
  - LSSTitleSlider (from `../`)

SPEC REPOS:
  trunk:
    - FBSnapshotTestCase

EXTERNAL SOURCES:
  LSSTitleSlider:
    :path: "../"

SPEC CHECKSUMS:
  FBSnapshotTestCase: 094f9f314decbabe373b87cc339bea235a63e07a
  LSSTitleSlider: 8a409efbe6cc6ff157f271c24a8b6f7c5cda6fc1

PODFILE CHECKSUM: 878cc8d8f0934f6b52484f2a6fcb2aee31ffa4f6

COCOAPODS: 1.9.3
