PODS:
  - FBSnapshotTestCase (2.1.4):
    - FBSnapshotTestCase/SwiftSupport (= 2.1.4)
  - FBSnapshotTestCase/Core (2.1.4)
  - FBSnapshotTestCase/SwiftSupport (2.1.4):
    - FBSnapshotTestCase/Core
  - LSSTitleSlider (0.1.0)

DEPENDENCIES:
  - FBSnapshotTestCase
  - LSSTitleSlider (from `../`)

SPEC REPOS:
  trunk:
    - FBSnapshotTestCase

EXTERNAL SOURCES:
  LSSTitleSlider:
    :path: "../"

SPEC CHECKSUMS:
  FBSnapshotTestCase: 094f9f314decbabe373b87cc339bea235a63e07a
  LSSTitleSlider: 7dba524087e3a6255fea52b9ea34b940f2fcac03

PODFILE CHECKSUM: 9f870b001c594c2a07e5a7b59f1c53f15e49d135

COCOAPODS: 1.9.3
